
Microsoft Visual Studio Solution File, Format Version 12.00
# Visual Studio 15
VisualStudioVersion = 15.0.26730.12
MinimumVisualStudioVersion = 10.0.40219.1
Project("{FAE04EC0-301F-11D3-BF4B-00C04F79EFBC}") = "GitTest", "GitTest\GitTest.csproj", "{A7B8C08D-A56B-485A-B714-B7CD1779EB78}"
EndProject
Global
	GlobalSection(SolutionConfigurationPlatforms) = preSolution
		Debug|Any CPU = Debug|Any CPU
		Release|Any CPU = Release|Any CPU
	EndGlobalSection
	GlobalSection(ProjectConfigurationPlatforms) = postSolution
		{A7B8C08D-A56B-485A-B714-B7CD1779EB78}.Debug|Any CPU.ActiveCfg = Debug|Any CPU
		{A7B8C08D-A56B-485A-B714-B7CD1779EB78}.Debug|Any CPU.Build.0 = Debug|Any CPU
		{A7B8C08D-A56B-485A-B714-B7CD1779EB78}.Release|Any CPU.ActiveCfg = Release|Any CPU
		{A7B8C08D-A56B-485A-B714-B7CD1779EB78}.Release|Any CPU.Build.0 = Release|Any CPU
	EndGlobalSection
	GlobalSection(SolutionProperties) = preSolution
		HideSolutionNode = FALSE
	EndGlobalSection
	GlobalSection(ExtensibilityGlobals) = postSolution
		SolutionGuid = {3878B241-F6CC-4BAE-86CC-8EE81EAE1330}
	EndGlobalSection
EndGlobal
